// !$*UTF8*$!
{
	archiveVersion = 1;
	classes = {
	};
	objectVersion = 56;
	objects = {

/* Begin PBXBuildFile section */
		7C2CD40E296C3C4C001ACB25 /* AppDelegate.swift in Sources */ = {isa = PBXBuildFile; fileRef = 7C2CD40D296C3C4C001ACB25 /* AppDelegate.swift */; };
		7C2CD41D296C41B2001ACB25 /* main.swift in Sources */ = {isa = PBXBuildFile; fileRef = 7C2CD41C296C41B2001ACB25 /* main.swift */; };
		7CA979DA2972956100A50E82 /* HelperProtocol.swift in Sources */ = {isa = PBXBuildFile; fileRef = 7CA979D92972956100A50E82 /* HelperProtocol.swift */; };
		7CA979DD29729A8C00A50E82 /* RemoteApplicationProtocol.swift in Sources */ = {isa = PBXBuildFile; fileRef = 7CA979DC29729A8C00A50E82 /* RemoteApplicationProtocol.swift */; };
		7CA979E229729D6700A50E82 /* Constants.swift in Sources */ = {isa = PBXBuildFile; fileRef = 7CA979E129729D6700A50E82 /* Constants.swift */; };
		7CA979E72972A09600A50E82 /* RemoteHelper.swift in Sources */ = {isa = PBXBuildFile; fileRef = 7CA979E62972A09600A50E82 /* RemoteHelper.swift */; };
		7CA979F52972AA1900A50E82 /* DemoPrivilegeHelper.swift in Sources */ = {isa = PBXBuildFile; fileRef = 7CA979DF29729B2800A50E82 /* DemoPrivilegeHelper.swift */; };
		7CA979F62972AA1C00A50E82 /* main.swift in Sources */ = {isa = PBXBuildFile; fileRef = 7CA979E429729E9400A50E82 /* main.swift */; };
		7CA979F72972AB2200A50E82 /* HelperProtocol.swift in Sources */ = {isa = PBXBuildFile; fileRef = 7CA979D92972956100A50E82 /* HelperProtocol.swift */; };
		7CA979F82972AB2400A50E82 /* RemoteApplicationProtocol.swift in Sources */ = {isa = PBXBuildFile; fileRef = 7CA979DC29729A8C00A50E82 /* RemoteApplicationProtocol.swift */; };
		7CA979F92972AB2600A50E82 /* Constants.swift in Sources */ = {isa = PBXBuildFile; fileRef = 7CA979E129729D6700A50E82 /* Constants.swift */; };
		7CA979FC2972AD3400A50E82 /* Info.plist in Resources */ = {isa = PBXBuildFile; fileRef = 7CA979FB2972AD3400A50E82 /* Info.plist */; };
		7CA97A032972E9F800A50E82 /* Logger.swift in Sources */ = {isa = PBXBuildFile; fileRef = 7CA97A022972E9F800A50E82 /* Logger.swift */; };
		7CA97A042972E9F800A50E82 /* Logger.swift in Sources */ = {isa = PBXBuildFile; fileRef = 7CA97A022972E9F800A50E82 /* Logger.swift */; };
		7CA97A422972FCE200A50E82 /* me.alaneuler.DemoPrivilegeHelper in CopyFiles */ = {isa = PBXBuildFile; fileRef = 7CA979EE2972A97F00A50E82 /* me.alaneuler.DemoPrivilegeHelper */; settings = {ATTRIBUTES = (CodeSignOnCopy, ); }; };
/* End PBXBuildFile section */

/* Begin PBXCopyFilesBuildPhase section */
		7CA97A412972FCD600A50E82 /* CopyFiles */ = {
			isa = PBXCopyFilesBuildPhase;
			buildActionMask = 2147483647;
			dstPath = Contents/Library/LaunchServices;
			dstSubfolderSpec = 1;
			files = (
				7CA97A422972FCE200A50E82 /* me.alaneuler.DemoPrivilegeHelper in CopyFiles */,
			);
			runOnlyForDeploymentPostprocessing = 0;
		};
/* End PBXCopyFilesBuildPhase section */

/* Begin PBXFileReference section */
		7C2CD40A296C3C4C001ACB25 /* privilege-helper-demo.app */ = {isa = PBXFileReference; explicitFileType = wrapper.application; includeInIndex = 0; path = "privilege-helper-demo.app"; sourceTree = BUILT_PRODUCTS_DIR; };
		7C2CD40D296C3C4C001ACB25 /* AppDelegate.swift */ = {isa = PBXFileReference; lastKnownFileType = sourcecode.swift; path = AppDelegate.swift; sourceTree = "<group>"; };
		7C2CD416296C3C4C001ACB25 /* privilege_helper_demo.entitlements */ = {isa = PBXFileReference; lastKnownFileType = text.plist.entitlements; path = privilege_helper_demo.entitlements; sourceTree = "<group>"; };
		7C2CD41C296C41B2001ACB25 /* main.swift */ = {isa = PBXFileReference; lastKnownFileType = sourcecode.swift; path = main.swift; sourceTree = "<group>"; };
		7CA979D92972956100A50E82 /* HelperProtocol.swift */ = {isa = PBXFileReference; lastKnownFileType = sourcecode.swift; path = HelperProtocol.swift; sourceTree = "<group>"; };
		7CA979DC29729A8C00A50E82 /* RemoteApplicationProtocol.swift */ = {isa = PBXFileReference; lastKnownFileType = sourcecode.swift; path = RemoteApplicationProtocol.swift; sourceTree = "<group>"; };
		7CA979DF29729B2800A50E82 /* DemoPrivilegeHelper.swift */ = {isa = PBXFileReference; lastKnownFileType = sourcecode.swift; path = DemoPrivilegeHelper.swift; sourceTree = "<group>"; };
		7CA979E129729D6700A50E82 /* Constants.swift */ = {isa = PBXFileReference; lastKnownFileType = sourcecode.swift; path = Constants.swift; sourceTree = "<group>"; };
		7CA979E429729E9400A50E82 /* main.swift */ = {isa = PBXFileReference; lastKnownFileType = sourcecode.swift; path = main.swift; sourceTree = "<group>"; };
		7CA979E62972A09600A50E82 /* RemoteHelper.swift */ = {isa = PBXFileReference; lastKnownFileType = sourcecode.swift; path = RemoteHelper.swift; sourceTree = "<group>"; };
		7CA979E82972A5A600A50E82 /* Info.plist */ = {isa = PBXFileReference; lastKnownFileType = text.plist.xml; path = Info.plist; sourceTree = "<group>"; };
		7CA979E92972A73300A50E82 /* Launchd.plist */ = {isa = PBXFileReference; lastKnownFileType = text.plist.xml; path = Launchd.plist; sourceTree = "<group>"; };
		7CA979EE2972A97F00A50E82 /* me.alaneuler.DemoPrivilegeHelper */ = {isa = PBXFileReference; explicitFileType = "compiled.mach-o.executable"; includeInIndex = 0; path = me.alaneuler.DemoPrivilegeHelper; sourceTree = BUILT_PRODUCTS_DIR; };
		7CA979FA2972AC5500A50E82 /* SMJobBlessUtil3.py */ = {isa = PBXFileReference; lastKnownFileType = text.script.python; path = SMJobBlessUtil3.py; sourceTree = "<group>"; };
		7CA979FB2972AD3400A50E82 /* Info.plist */ = {isa = PBXFileReference; lastKnownFileType = text.plist.xml; path = Info.plist; sourceTree = "<group>"; };
		7CA979FF2972B65000A50E82 /* uninstall.sh */ = {isa = PBXFileReference; lastKnownFileType = text.script.sh; path = uninstall.sh; sourceTree = "<group>"; };
		7CA97A022972E9F800A50E82 /* Logger.swift */ = {isa = PBXFileReference; lastKnownFileType = sourcecode.swift; path = Logger.swift; sourceTree = "<group>"; };
/* End PBXFileReference section */

/* Begin PBXFrameworksBuildPhase section */
		7C2CD407296C3C4C001ACB25 /* Frameworks */ = {
			isa = PBXFrameworksBuildPhase;
			buildActionMask = 2147483647;
			files = (
			);
			runOnlyForDeploymentPostprocessing = 0;
		};
		7CA979EB2972A97F00A50E82 /* Frameworks */ = {
			isa = PBXFrameworksBuildPhase;
			buildActionMask = 2147483647;
			files = (
			);
			runOnlyForDeploymentPostprocessing = 0;
		};
/* End PBXFrameworksBuildPhase section */

/* Begin PBXGroup section */
		7C2CD401296C3C4C001ACB25 = {
			isa = PBXGroup;
			children = (
				7CA979FF2972B65000A50E82 /* uninstall.sh */,
				7CA979FA2972AC5500A50E82 /* SMJobBlessUtil3.py */,
				7CA979D72972934B00A50E82 /* common */,
				7C2CD40C296C3C4C001ACB25 /* privilege-helper-demo */,
				7CA979D129728FA600A50E82 /* DemoPrivilegeHelper */,
				7C2CD40B296C3C4C001ACB25 /* Products */,
			);
			sourceTree = "<group>";
		};
		7C2CD40B296C3C4C001ACB25 /* Products */ = {
			isa = PBXGroup;
			children = (
				7C2CD40A296C3C4C001ACB25 /* privilege-helper-demo.app */,
				7CA979EE2972A97F00A50E82 /* me.alaneuler.DemoPrivilegeHelper */,
			);
			name = Products;
			sourceTree = "<group>";
		};
		7C2CD40C296C3C4C001ACB25 /* privilege-helper-demo */ = {
			isa = PBXGroup;
			children = (
				7C2CD40D296C3C4C001ACB25 /* AppDelegate.swift */,
				7C2CD416296C3C4C001ACB25 /* privilege_helper_demo.entitlements */,
				7C2CD41C296C41B2001ACB25 /* main.swift */,
				7CA979E62972A09600A50E82 /* RemoteHelper.swift */,
				7CA979FB2972AD3400A50E82 /* Info.plist */,
			);
			path = "privilege-helper-demo";
			sourceTree = "<group>";
		};
		7CA979D129728FA600A50E82 /* DemoPrivilegeHelper */ = {
			isa = PBXGroup;
			children = (
				7CA979DF29729B2800A50E82 /* DemoPrivilegeHelper.swift */,
				7CA979E429729E9400A50E82 /* main.swift */,
				7CA979E82972A5A600A50E82 /* Info.plist */,
				7CA979E92972A73300A50E82 /* Launchd.plist */,
			);
			path = DemoPrivilegeHelper;
			sourceTree = "<group>";
		};
		7CA979D72972934B00A50E82 /* common */ = {
			isa = PBXGroup;
			children = (
				7CA979D92972956100A50E82 /* HelperProtocol.swift */,
				7CA979DC29729A8C00A50E82 /* RemoteApplicationProtocol.swift */,
				7CA979E129729D6700A50E82 /* Constants.swift */,
				7CA97A022972E9F800A50E82 /* Logger.swift */,
			);
			path = common;
			sourceTree = "<group>";
		};
/* End PBXGroup section */

/* Begin PBXNativeTarget section */
		7C2CD409296C3C4C001ACB25 /* privilege-helper-demo */ = {
			isa = PBXNativeTarget;
			buildConfigurationList = 7C2CD419296C3C4C001ACB25 /* Build configuration list for PBXNativeTarget "privilege-helper-demo" */;
			buildPhases = (
				7C2CD406296C3C4C001ACB25 /* Sources */,
				7C2CD407296C3C4C001ACB25 /* Frameworks */,
				7C2CD408296C3C4C001ACB25 /* Resources */,
				7CA97A412972FCD600A50E82 /* CopyFiles */,
			);
			buildRules = (
			);
			dependencies = (
			);
			name = "privilege-helper-demo";
			productName = "privilege-helper-demo";
			productReference = 7C2CD40A296C3C4C001ACB25 /* privilege-helper-demo.app */;
			productType = "com.apple.product-type.application";
		};
		7CA979ED2972A97F00A50E82 /* me.alaneuler.DemoPrivilegeHelper */ = {
			isa = PBXNativeTarget;
			buildConfigurationList = 7CA979F22972A97F00A50E82 /* Build configuration list for PBXNativeTarget "me.alaneuler.DemoPrivilegeHelper" */;
			buildPhases = (
				7CA979EA2972A97F00A50E82 /* Sources */,
				7CA979EB2972A97F00A50E82 /* Frameworks */,
			);
			buildRules = (
			);
			dependencies = (
			);
			name = me.alaneuler.DemoPrivilegeHelper;
			productName = me.alaneuler.DemoPrivilegeHelper;
			productReference = 7CA979EE2972A97F00A50E82 /* me.alaneuler.DemoPrivilegeHelper */;
			productType = "com.apple.product-type.tool";
		};
/* End PBXNativeTarget section */

/* Begin PBXProject section */
		7C2CD402296C3C4C001ACB25 /* Project object */ = {
			isa = PBXProject;
			attributes = {
				BuildIndependentTargetsInParallel = 1;
				LastSwiftUpdateCheck = 1420;
				LastUpgradeCheck = 1420;
				TargetAttributes = {
					7C2CD409296C3C4C001ACB25 = {
						CreatedOnToolsVersion = 14.2;
					};
					7CA979ED2972A97F00A50E82 = {
						CreatedOnToolsVersion = 14.2;
					};
				};
			};
			buildConfigurationList = 7C2CD405296C3C4C001ACB25 /* Build configuration list for PBXProject "privilege-helper-demo" */;
			compatibilityVersion = "Xcode 14.0";
			developmentRegion = en;
			hasScannedForEncodings = 0;
			knownRegions = (
				en,
				Base,
			);
			mainGroup = 7C2CD401296C3C4C001ACB25;
			productRefGroup = 7C2CD40B296C3C4C001ACB25 /* Products */;
			projectDirPath = "";
			projectRoot = "";
			targets = (
				7C2CD409296C3C4C001ACB25 /* privilege-helper-demo */,
				7CA979ED2972A97F00A50E82 /* me.alaneuler.DemoPrivilegeHelper */,
			);
		};
/* End PBXProject section */

/* Begin PBXResourcesBuildPhase section */
		7C2CD408296C3C4C001ACB25 /* Resources */ = {
			isa = PBXResourcesBuildPhase;
			buildActionMask = 2147483647;
			files = (
				7CA979FC2972AD3400A50E82 /* Info.plist in Resources */,
			);
			runOnlyForDeploymentPostprocessing = 0;
		};
/* End PBXResourcesBuildPhase section */

/* Begin PBXSourcesBuildPhase section */
		7C2CD406296C3C4C001ACB25 /* Sources */ = {
			isa = PBXSourcesBuildPhase;
			buildActionMask = 2147483647;
			files = (
				7CA979E229729D6700A50E82 /* Constants.swift in Sources */,
				7CA979DD29729A8C00A50E82 /* RemoteApplicationProtocol.swift in Sources */,
				7C2CD40E296C3C4C001ACB25 /* AppDelegate.swift in Sources */,
				7C2CD41D296C41B2001ACB25 /* main.swift in Sources */,
				7CA97A032972E9F800A50E82 /* Logger.swift in Sources */,
				7CA979DA2972956100A50E82 /* HelperProtocol.swift in Sources */,
				7CA979E72972A09600A50E82 /* RemoteHelper.swift in Sources */,
			);
			runOnlyForDeploymentPostprocessing = 0;
		};
		7CA979EA2972A97F00A50E82 /* Sources */ = {
			isa = PBXSourcesBuildPhase;
			buildActionMask = 2147483647;
			files = (
				7CA979F92972AB2600A50E82 /* Constants.swift in Sources */,
				7CA97A042972E9F800A50E82 /* Logger.swift in Sources */,
				7CA979F82972AB2400A50E82 /* RemoteApplicationProtocol.swift in Sources */,
				7CA979F52972AA1900A50E82 /* DemoPrivilegeHelper.swift in Sources */,
				7CA979F62972AA1C00A50E82 /* main.swift in Sources */,
				7CA979F72972AB2200A50E82 /* HelperProtocol.swift in Sources */,
			);
			runOnlyForDeploymentPostprocessing = 0;
		};
/* End PBXSourcesBuildPhase section */

/* Begin XCBuildConfiguration section */
		7C2CD417296C3C4C001ACB25 /* Debug */ = {
			isa = XCBuildConfiguration;
			buildSettings = {
				ALWAYS_SEARCH_USER_PATHS = NO;
				CLANG_ANALYZER_NONNULL = YES;
				CLANG_ANALYZER_NUMBER_OBJECT_CONVERSION = YES_AGGRESSIVE;
				CLANG_CXX_LANGUAGE_STANDARD = "gnu++20";
				CLANG_ENABLE_MODULES = YES;
				CLANG_ENABLE_OBJC_ARC = YES;
				CLANG_ENABLE_OBJC_WEAK = YES;
				CLANG_WARN_BLOCK_CAPTURE_AUTORELEASING = YES;
				CLANG_WARN_BOOL_CONVERSION = YES;
				CLANG_WARN_COMMA = YES;
				CLANG_WARN_CONSTANT_CONVERSION = YES;
				CLANG_WARN_DEPRECATED_OBJC_IMPLEMENTATIONS = YES;
				CLANG_WARN_DIRECT_OBJC_ISA_USAGE = YES_ERROR;
				CLANG_WARN_DOCUMENTATION_COMMENTS = YES;
				CLANG_WARN_EMPTY_BODY = YES;
				CLANG_WARN_ENUM_CONVERSION = YES;
				CLANG_WARN_INFINITE_RECURSION = YES;
				CLANG_WARN_INT_CONVERSION = YES;
				CLANG_WARN_NON_LITERAL_NULL_CONVERSION = YES;
				CLANG_WARN_OBJC_IMPLICIT_RETAIN_SELF = YES;
				CLANG_WARN_OBJC_LITERAL_CONVERSION = YES;
				CLANG_WARN_OBJC_ROOT_CLASS = YES_ERROR;
				CLANG_WARN_QUOTED_INCLUDE_IN_FRAMEWORK_HEADER = YES;
				CLANG_WARN_RANGE_LOOP_ANALYSIS = YES;
				CLANG_WARN_STRICT_PROTOTYPES = YES;
				CLANG_WARN_SUSPICIOUS_MOVE = YES;
				CLANG_WARN_UNGUARDED_AVAILABILITY = YES_AGGRESSIVE;
				CLANG_WARN_UNREACHABLE_CODE = YES;
				CLANG_WARN__DUPLICATE_METHOD_MATCH = YES;
				COPY_PHASE_STRIP = NO;
				DEBUG_INFORMATION_FORMAT = dwarf;
				ENABLE_STRICT_OBJC_MSGSEND = YES;
				ENABLE_TESTABILITY = YES;
				GCC_C_LANGUAGE_STANDARD = gnu11;
				GCC_DYNAMIC_NO_PIC = NO;
				GCC_NO_COMMON_BLOCKS = YES;
				GCC_OPTIMIZATION_LEVEL = 0;
				GCC_PREPROCESSOR_DEFINITIONS = (
					"DEBUG=1",
					"$(inherited)",
				);
				GCC_WARN_64_TO_32_BIT_CONVERSION = YES;
				GCC_WARN_ABOUT_RETURN_TYPE = YES_ERROR;
				GCC_WARN_UNDECLARED_SELECTOR = YES;
				GCC_WARN_UNINITIALIZED_AUTOS = YES_AGGRESSIVE;
				GCC_WARN_UNUSED_FUNCTION = YES;
				GCC_WARN_UNUSED_VARIABLE = YES;
				MACOSX_DEPLOYMENT_TARGET = 13.1;
				MTL_ENABLE_DEBUG_INFO = INCLUDE_SOURCE;
				MTL_FAST_MATH = YES;
				ONLY_ACTIVE_ARCH = YES;
				SDKROOT = macosx;
				SWIFT_ACTIVE_COMPILATION_CONDITIONS = DEBUG;
				SWIFT_OPTIMIZATION_LEVEL = "-Onone";
			};
			name = Debug;
		};
		7C2CD418296C3C4C001ACB25 /* Release */ = {
			isa = XCBuildConfiguration;
			buildSettings = {
				ALWAYS_SEARCH_USER_PATHS = NO;
				CLANG_ANALYZER_NONNULL = YES;
				CLANG_ANALYZER_NUMBER_OBJECT_CONVERSION = YES_AGGRESSIVE;
				CLANG_CXX_LANGUAGE_STANDARD = "gnu++20";
				CLANG_ENABLE_MODULES = YES;
				CLANG_ENABLE_OBJC_ARC = YES;
				CLANG_ENABLE_OBJC_WEAK = YES;
				CLANG_WARN_BLOCK_CAPTURE_AUTORELEASING = YES;
				CLANG_WARN_BOOL_CONVERSION = YES;
				CLANG_WARN_COMMA = YES;
				CLANG_WARN_CONSTANT_CONVERSION = YES;
				CLANG_WARN_DEPRECATED_OBJC_IMPLEMENTATIONS = YES;
				CLANG_WARN_DIRECT_OBJC_ISA_USAGE = YES_ERROR;
				CLANG_WARN_DOCUMENTATION_COMMENTS = YES;
				CLANG_WARN_EMPTY_BODY = YES;
				CLANG_WARN_ENUM_CONVERSION = YES;
				CLANG_WARN_INFINITE_RECURSION = YES;
				CLANG_WARN_INT_CONVERSION = YES;
				CLANG_WARN_NON_LITERAL_NULL_CONVERSION = YES;
				CLANG_WARN_OBJC_IMPLICIT_RETAIN_SELF = YES;
				CLANG_WARN_OBJC_LITERAL_CONVERSION = YES;
				CLANG_WARN_OBJC_ROOT_CLASS = YES_ERROR;
				CLANG_WARN_QUOTED_INCLUDE_IN_FRAMEWORK_HEADER = YES;
				CLANG_WARN_RANGE_LOOP_ANALYSIS = YES;
				CLANG_WARN_STRICT_PROTOTYPES = YES;
				CLANG_WARN_SUSPICIOUS_MOVE = YES;
				CLANG_WARN_UNGUARDED_AVAILABILITY = YES_AGGRESSIVE;
				CLANG_WARN_UNREACHABLE_CODE = YES;
				CLANG_WARN__DUPLICATE_METHOD_MATCH = YES;
				COPY_PHASE_STRIP = NO;
				DEBUG_INFORMATION_FORMAT = "dwarf-with-dsym";
				ENABLE_NS_ASSERTIONS = NO;
				ENABLE_STRICT_OBJC_MSGSEND = YES;
				GCC_C_LANGUAGE_STANDARD = gnu11;
				GCC_NO_COMMON_BLOCKS = YES;
				GCC_WARN_64_TO_32_BIT_CONVERSION = YES;
				GCC_WARN_ABOUT_RETURN_TYPE = YES_ERROR;
				GCC_WARN_UNDECLARED_SELECTOR = YES;
				GCC_WARN_UNINITIALIZED_AUTOS = YES_AGGRESSIVE;
				GCC_WARN_UNUSED_FUNCTION = YES;
				GCC_WARN_UNUSED_VARIABLE = YES;
				MACOSX_DEPLOYMENT_TARGET = 13.1;
				MTL_ENABLE_DEBUG_INFO = NO;
				MTL_FAST_MATH = YES;
				SDKROOT = macosx;
				SWIFT_COMPILATION_MODE = wholemodule;
				SWIFT_OPTIMIZATION_LEVEL = "-O";
			};
			name = Release;
		};
		7C2CD41A296C3C4C001ACB25 /* Debug */ = {
			isa = XCBuildConfiguration;
			buildSettings = {
				ASSETCATALOG_COMPILER_APPICON_NAME = AppIcon;
				ASSETCATALOG_COMPILER_GLOBAL_ACCENT_COLOR_NAME = AccentColor;
				CODE_SIGN_ENTITLEMENTS = "privilege-helper-demo/privilege_helper_demo.entitlements";
				"CODE_SIGN_IDENTITY[sdk=macosx*]" = "Mac Developer";
				CODE_SIGN_STYLE = Manual;
				COMBINE_HIDPI_IMAGES = YES;
				CURRENT_PROJECT_VERSION = 1;
				DEVELOPMENT_TEAM = "";
				"DEVELOPMENT_TEAM[sdk=macosx*]" = 644K7355LF;
				ENABLE_HARDENED_RUNTIME = YES;
				GENERATE_INFOPLIST_FILE = YES;
				INFOPLIST_FILE = "privilege-helper-demo/Info.plist";
				INFOPLIST_KEY_LSUIElement = YES;
				INFOPLIST_KEY_NSHumanReadableCopyright = "";
				INFOPLIST_KEY_NSPrincipalClass = NSApplication;
				LD_RUNPATH_SEARCH_PATHS = (
					"$(inherited)",
					"@executable_path/../Frameworks",
				);
				MARKETING_VERSION = 1.0;
				PRODUCT_BUNDLE_IDENTIFIER = "me.alaneuler.privilege-helper-demo";
				PRODUCT_NAME = "$(TARGET_NAME)";
				PROVISIONING_PROFILE_SPECIFIER = "";
				SWIFT_EMIT_LOC_STRINGS = YES;
				SWIFT_VERSION = 5.0;
			};
			name = Debug;
		};
		7C2CD41B296C3C4C001ACB25 /* Release */ = {
			isa = XCBuildConfiguration;
			buildSettings = {
				ASSETCATALOG_COMPILER_APPICON_NAME = AppIcon;
				ASSETCATALOG_COMPILER_GLOBAL_ACCENT_COLOR_NAME = AccentColor;
				CODE_SIGN_ENTITLEMENTS = "privilege-helper-demo/privilege_helper_demo.entitlements";
				"CODE_SIGN_IDENTITY[sdk=macosx*]" = "Mac Developer";
				CODE_SIGN_STYLE = Manual;
				COMBINE_HIDPI_IMAGES = YES;
				CURRENT_PROJECT_VERSION = 1;
				DEVELOPMENT_TEAM = "";
				"DEVELOPMENT_TEAM[sdk=macosx*]" = 644K7355LF;
				ENABLE_HARDENED_RUNTIME = YES;
				GENERATE_INFOPLIST_FILE = YES;
				INFOPLIST_FILE = "privilege-helper-demo/Info.plist";
				INFOPLIST_KEY_LSUIElement = YES;
				INFOPLIST_KEY_NSHumanReadableCopyright = "";
				INFOPLIST_KEY_NSPrincipalClass = NSApplication;
				LD_RUNPATH_SEARCH_PATHS = (
					"$(inherited)",
					"@executable_path/../Frameworks",
				);
				MARKETING_VERSION = 1.0;
				PRODUCT_BUNDLE_IDENTIFIER = "me.alaneuler.privilege-helper-demo";
				PRODUCT_NAME = "$(TARGET_NAME)";
				PROVISIONING_PROFILE_SPECIFIER = "";
				SWIFT_EMIT_LOC_STRINGS = YES;
				SWIFT_VERSION = 5.0;
			};
			name = Release;
		};
		7CA979F32972A97F00A50E82 /* Debug */ = {
			isa = XCBuildConfiguration;
			buildSettings = {
				"CODE_SIGN_IDENTITY[sdk=macosx*]" = "Mac Developer";
				CODE_SIGN_STYLE = Manual;
				DEVELOPMENT_TEAM = "";
				"DEVELOPMENT_TEAM[sdk=macosx*]" = 644K7355LF;
				ENABLE_HARDENED_RUNTIME = YES;
				OTHER_LDFLAGS = (
					"-sectcreate",
					__TEXT,
					__info_plist,
					"\"$(SRCROOT)/DemoPrivilegeHelper/Info.plist\"",
					"-sectcreate",
					__TEXT,
					__launchd_plist,
					"\"$(SRCROOT)/DemoPrivilegeHelper/Launchd.plist\"",
				);
				PRODUCT_BUNDLE_IDENTIFIER = me.alaneuler.DemoPrivilegeHelper;
				PRODUCT_NAME = "$(TARGET_NAME)";
				PROVISIONING_PROFILE_SPECIFIER = "";
				SWIFT_VERSION = 5.0;
			};
			name = Debug;
		};
		7CA979F42972A97F00A50E82 /* Release */ = {
			isa = XCBuildConfiguration;
			buildSettings = {
				"CODE_SIGN_IDENTITY[sdk=macosx*]" = "Mac Developer";
				CODE_SIGN_STYLE = Manual;
				DEVELOPMENT_TEAM = "";
				"DEVELOPMENT_TEAM[sdk=macosx*]" = 644K7355LF;
				ENABLE_HARDENED_RUNTIME = YES;
				OTHER_LDFLAGS = (
					"-sectcreate",
					__TEXT,
					__info_plist,
					"\"$(SRCROOT)/DemoPrivilegeHelper/Info.plist\"",
					"-sectcreate",
					__TEXT,
					__launchd_plist,
					"\"$(SRCROOT)/DemoPrivilegeHelper/Launchd.plist\"",
				);
				PRODUCT_BUNDLE_IDENTIFIER = me.alaneuler.DemoPrivilegeHelper;
				PRODUCT_NAME = "$(TARGET_NAME)";
				PROVISIONING_PROFILE_SPECIFIER = "";
				SWIFT_VERSION = 5.0;
			};
			name = Release;
		};
/* End XCBuildConfiguration section */

/* Begin XCConfigurationList section */
		7C2CD405296C3C4C001ACB25 /* Build configuration list for PBXProject "privilege-helper-demo" */ = {
			isa = XCConfigurationList;
			buildConfigurations = (
				7C2CD417296C3C4C001ACB25 /* Debug */,
				7C2CD418296C3C4C001ACB25 /* Release */,
			);
			defaultConfigurationIsVisible = 0;
			defaultConfigurationName = Release;
		};
		7C2CD419296C3C4C001ACB25 /* Build configuration list for PBXNativeTarget "privilege-helper-demo" */ = {
			isa = XCConfigurationList;
			buildConfigurations = (
				7C2CD41A296C3C4C001ACB25 /* Debug */,
				7C2CD41B296C3C4C001ACB25 /* Release */,
			);
			defaultConfigurationIsVisible = 0;
			defaultConfigurationName = Release;
		};
		7CA979F22972A97F00A50E82 /* Build configuration list for PBXNativeTarget "me.alaneuler.DemoPrivilegeHelper" */ = {
			isa = XCConfigurationList;
			buildConfigurations = (
				7CA979F32972A97F00A50E82 /* Debug */,
				7CA979F42972A97F00A50E82 /* Release */,
			);
			defaultConfigurationIsVisible = 0;
			defaultConfigurationName = Release;
		};
/* End XCConfigurationList section */
	};
	rootObject = 7C2CD402296C3C4C001ACB25 /* Project object */;
}
